
Microsoft Visual Studio Solution File, Format Version 12.00
# Visual Studio Version 17
VisualStudioVersion = 17.0.32014.148
MinimumVisualStudioVersion = 10.0.40219.1
Project("{FAE04EC0-301F-11D3-BF4B-00C04F79EFBC}") = "test0111111", "test0111111\test0111111.csproj", "{0E6997E2-0F39-4B1D-9A3D-0CFF1D18819C}"
EndProject
Global
	GlobalSection(SolutionConfigurationPlatforms) = preSolution
		Debug|Any CPU = Debug|Any CPU
		Release|Any CPU = Release|Any CPU
	EndGlobalSection
	GlobalSection(ProjectConfigurationPlatforms) = postSolution
		{0E6997E2-0F39-4B1D-9A3D-0CFF1D18819C}.Debug|Any CPU.ActiveCfg = Debug|Any CPU
		{0E6997E2-0F39-4B1D-9A3D-0CFF1D18819C}.Debug|Any CPU.Build.0 = Debug|Any CPU
		{0E6997E2-0F39-4B1D-9A3D-0CFF1D18819C}.Release|Any CPU.ActiveCfg = Release|Any CPU
		{0E6997E2-0F39-4B1D-9A3D-0CFF1D18819C}.Release|Any CPU.Build.0 = Release|Any CPU
	EndGlobalSection
	GlobalSection(SolutionProperties) = preSolution
		HideSolutionNode = FALSE
	EndGlobalSection
	GlobalSection(ExtensibilityGlobals) = postSolution
		SolutionGuid = {0E177724-167D-4DF4-98CE-11A5911CB64B}
	EndGlobalSection
EndGlobal
